
Microsoft Visual Studio Solution File, Format Version 12.00
# Visual Studio Version 17
VisualStudioVersion = 17.4.33205.214
MinimumVisualStudioVersion = 10.0.40219.1
Project("{FAE04EC0-301F-11D3-BF4B-00C04F79EFBC}") = "quizApp.Android", "quizApp\quizApp.Android\quizApp.Android.csproj", "{D01766CC-3DFF-4447-8503-29F39893F2EE}"
EndProject
Project("{FAE04EC0-301F-11D3-BF4B-00C04F79EFBC}") = "quizApp.iOS", "quizApp\quizApp.iOS\quizApp.iOS.csproj", "{26142528-CF17-43BF-97BA-0B717E5BC05F}"
EndProject
Project("{FAE04EC0-301F-11D3-BF4B-00C04F79EFBC}") = "quizApp", "quizApp\quizApp\quizApp.csproj", "{81C77204-BCF1-4BFE-ACFB-6182E247A67C}"
EndProject
Global
	GlobalSection(SolutionConfigurationPlatforms) = preSolution
		Debug|Any CPU = Debug|Any CPU
		Debug|iPhone = Debug|iPhone
		Debug|iPhoneSimulator = Debug|iPhoneSimulator
		Release|Any CPU = Release|Any CPU
		Release|iPhone = Release|iPhone
		Release|iPhoneSimulator = Release|iPhoneSimulator
	EndGlobalSection
	GlobalSection(ProjectConfigurationPlatforms) = postSolution
		{D01766CC-3DFF-4447-8503-29F39893F2EE}.Debug|Any CPU.ActiveCfg = Debug|Any CPU
		{D01766CC-3DFF-4447-8503-29F39893F2EE}.Debug|Any CPU.Build.0 = Debug|Any CPU
		{D01766CC-3DFF-4447-8503-29F39893F2EE}.Debug|Any CPU.Deploy.0 = Debug|Any CPU
		{D01766CC-3DFF-4447-8503-29F39893F2EE}.Debug|iPhone.ActiveCfg = Debug|Any CPU
		{D01766CC-3DFF-4447-8503-29F39893F2EE}.Debug|iPhone.Build.0 = Debug|Any CPU
		{D01766CC-3DFF-4447-8503-29F39893F2EE}.Debug|iPhone.Deploy.0 = Debug|Any CPU
		{D01766CC-3DFF-4447-8503-29F39893F2EE}.Debug|iPhoneSimulator.ActiveCfg = Debug|Any CPU
		{D01766CC-3DFF-4447-8503-29F39893F2EE}.Debug|iPhoneSimulator.Build.0 = Debug|Any CPU
		{D01766CC-3DFF-4447-8503-29F39893F2EE}.Debug|iPhoneSimulator.Deploy.0 = Debug|Any CPU
		{D01766CC-3DFF-4447-8503-29F39893F2EE}.Release|Any CPU.ActiveCfg = Release|Any CPU
		{D01766CC-3DFF-4447-8503-29F39893F2EE}.Release|Any CPU.Build.0 = Release|Any CPU
		{D01766CC-3DFF-4447-8503-29F39893F2EE}.Release|Any CPU.Deploy.0 = Release|Any CPU
		{D01766CC-3DFF-4447-8503-29F39893F2EE}.Release|iPhone.ActiveCfg = Release|Any CPU
		{D01766CC-3DFF-4447-8503-29F39893F2EE}.Release|iPhone.Build.0 = Release|Any CPU
		{D01766CC-3DFF-4447-8503-29F39893F2EE}.Release|iPhone.Deploy.0 = Release|Any CPU
		{D01766CC-3DFF-4447-8503-29F39893F2EE}.Release|iPhoneSimulator.ActiveCfg = Release|Any CPU
		{D01766CC-3DFF-4447-8503-29F39893F2EE}.Release|iPhoneSimulator.Build.0 = Release|Any CPU
		{D01766CC-3DFF-4447-8503-29F39893F2EE}.Release|iPhoneSimulator.Deploy.0 = Release|Any CPU
		{26142528-CF17-43BF-97BA-0B717E5BC05F}.Debug|Any CPU.ActiveCfg = Debug|iPhone
		{26142528-CF17-43BF-97BA-0B717E5BC05F}.Debug|Any CPU.Build.0 = Debug|iPhone
		{26142528-CF17-43BF-97BA-0B717E5BC05F}.Debug|Any CPU.Deploy.0 = Debug|iPhone
		{26142528-CF17-43BF-97BA-0B717E5BC05F}.Debug|iPhone.ActiveCfg = Debug|iPhone
		{26142528-CF17-43BF-97BA-0B717E5BC05F}.Debug|iPhone.Build.0 = Debug|iPhone
		{26142528-CF17-43BF-97BA-0B717E5BC05F}.Debug|iPhone.Deploy.0 = Debug|iPhone
		{26142528-CF17-43BF-97BA-0B717E5BC05F}.Debug|iPhoneSimulator.ActiveCfg = Debug|iPhoneSimulator
		{26142528-CF17-43BF-97BA-0B717E5BC05F}.Debug|iPhoneSimulator.Build.0 = Debug|iPhoneSimulator
		{26142528-CF17-43BF-97BA-0B717E5BC05F}.Debug|iPhoneSimulator.Deploy.0 = Debug|iPhoneSimulator
		{26142528-CF17-43BF-97BA-0B717E5BC05F}.Release|Any CPU.ActiveCfg = Release|iPhoneSimulator
		{26142528-CF17-43BF-97BA-0B717E5BC05F}.Release|Any CPU.Build.0 = Release|iPhoneSimulator
		{26142528-CF17-43BF-97BA-0B717E5BC05F}.Release|Any CPU.Deploy.0 = Release|iPhoneSimulator
		{26142528-CF17-43BF-97BA-0B717E5BC05F}.Release|iPhone.ActiveCfg = Release|iPhone
		{26142528-CF17-43BF-97BA-0B717E5BC05F}.Release|iPhone.Build.0 = Release|iPhone
		{26142528-CF17-43BF-97BA-0B717E5BC05F}.Release|iPhone.Deploy.0 = Release|iPhone
		{26142528-CF17-43BF-97BA-0B717E5BC05F}.Release|iPhoneSimulator.ActiveCfg = Release|iPhoneSimulator
		{26142528-CF17-43BF-97BA-0B717E5BC05F}.Release|iPhoneSimulator.Build.0 = Release|iPhoneSimulator
		{26142528-CF17-43BF-97BA-0B717E5BC05F}.Release|iPhoneSimulator.Deploy.0 = Release|iPhoneSimulator
		{81C77204-BCF1-4BFE-ACFB-6182E247A67C}.Debug|Any CPU.ActiveCfg = Debug|Any CPU
		{81C77204-BCF1-4BFE-ACFB-6182E247A67C}.Debug|Any CPU.Build.0 = Debug|Any CPU
		{81C77204-BCF1-4BFE-ACFB-6182E247A67C}.Debug|Any CPU.Deploy.0 = Debug|Any CPU
		{81C77204-BCF1-4BFE-ACFB-6182E247A67C}.Debug|iPhone.ActiveCfg = Debug|Any CPU
		{81C77204-BCF1-4BFE-ACFB-6182E247A67C}.Debug|iPhone.Build.0 = Debug|Any CPU
		{81C77204-BCF1-4BFE-ACFB-6182E247A67C}.Debug|iPhone.Deploy.0 = Debug|Any CPU
		{81C77204-BCF1-4BFE-ACFB-6182E247A67C}.Debug|iPhoneSimulator.ActiveCfg = Debug|Any CPU
		{81C77204-BCF1-4BFE-ACFB-6182E247A67C}.Debug|iPhoneSimulator.Build.0 = Debug|Any CPU
		{81C77204-BCF1-4BFE-ACFB-6182E247A67C}.Debug|iPhoneSimulator.Deploy.0 = Debug|Any CPU
		{81C77204-BCF1-4BFE-ACFB-6182E247A67C}.Release|Any CPU.ActiveCfg = Release|Any CPU
		{81C77204-BCF1-4BFE-ACFB-6182E247A67C}.Release|Any CPU.Build.0 = Release|Any CPU
		{81C77204-BCF1-4BFE-ACFB-6182E247A67C}.Release|Any CPU.Deploy.0 = Release|Any CPU
		{81C77204-BCF1-4BFE-ACFB-6182E247A67C}.Release|iPhone.ActiveCfg = Release|Any CPU
		{81C77204-BCF1-4BFE-ACFB-6182E247A67C}.Release|iPhone.Build.0 = Release|Any CPU
		{81C77204-BCF1-4BFE-ACFB-6182E247A67C}.Release|iPhone.Deploy.0 = Release|Any CPU
		{81C77204-BCF1-4BFE-ACFB-6182E247A67C}.Release|iPhoneSimulator.ActiveCfg = Release|Any CPU
		{81C77204-BCF1-4BFE-ACFB-6182E247A67C}.Release|iPhoneSimulator.Build.0 = Release|Any CPU
		{81C77204-BCF1-4BFE-ACFB-6182E247A67C}.Release|iPhoneSimulator.Deploy.0 = Release|Any CPU
	EndGlobalSection
	GlobalSection(SolutionProperties) = preSolution
		HideSolutionNode = FALSE
	EndGlobalSection
	GlobalSection(ExtensibilityGlobals) = postSolution
		SolutionGuid = {249081E6-355C-44F1-B6D5-4804E7FE26FC}
	EndGlobalSection
EndGlobal
